// !$*UTF8*$!
{
	archiveVersion = 1;
	classes = {
	};
	objectVersion = 46;
	objects = {

/* Begin PBXBuildFile section */
		940C32D1168C165800BCB8FB /* MobileCoreServices.framework in Frameworks */ = {isa = PBXBuildFile; fileRef = 940C32D0168C165800BCB8FB /* MobileCoreServices.framework */; };
		940C32D3168C166100BCB8FB /* SystemConfiguration.framework in Frameworks */ = {isa = PBXBuildFile; fileRef = 940C32D2168C166100BCB8FB /* SystemConfiguration.framework */; };
		944DEB5E16989323007D3C3A /* libRestKit.a in Frameworks */ = {isa = PBXBuildFile; fileRef = 944DEB5516989307007D3C3A /* libRestKit.a */; };
		944DEBF016989638007D3C3A /* NICommonMetrics.m in Sources */ = {isa = PBXBuildFile; fileRef = 944DEBC616989638007D3C3A /* NICommonMetrics.m */; };
		944DEBF116989638007D3C3A /* NIDataStructures.m in Sources */ = {isa = PBXBuildFile; fileRef = 944DEBC816989638007D3C3A /* NIDataStructures.m */; };
		944DEBF216989638007D3C3A /* NIDebuggingTools.m in Sources */ = {isa = PBXBuildFile; fileRef = 944DEBCA16989638007D3C3A /* NIDebuggingTools.m */; };
		944DEBF316989638007D3C3A /* NIDeviceOrientation.m in Sources */ = {isa = PBXBuildFile; fileRef = 944DEBCC16989638007D3C3A /* NIDeviceOrientation.m */; };
		944DEBF416989638007D3C3A /* NIError.m in Sources */ = {isa = PBXBuildFile; fileRef = 944DEBCE16989638007D3C3A /* NIError.m */; };
		944DEBF516989638007D3C3A /* NIFoundationMethods.m in Sources */ = {isa = PBXBuildFile; fileRef = 944DEBD016989638007D3C3A /* NIFoundationMethods.m */; };
		944DEBF616989638007D3C3A /* NIInMemoryCache.m in Sources */ = {isa = PBXBuildFile; fileRef = 944DEBD216989638007D3C3A /* NIInMemoryCache.m */; };
		944DEBF716989638007D3C3A /* NINavigationAppearance.m in Sources */ = {isa = PBXBuildFile; fileRef = 944DEBD716989638007D3C3A /* NINavigationAppearance.m */; };
		944DEBF816989638007D3C3A /* NINetworkActivity.m in Sources */ = {isa = PBXBuildFile; fileRef = 944DEBD916989638007D3C3A /* NINetworkActivity.m */; };
		944DEBF916989638007D3C3A /* NINonEmptyCollectionTesting.m in Sources */ = {isa = PBXBuildFile; fileRef = 944DEBDB16989638007D3C3A /* NINonEmptyCollectionTesting.m */; };
		944DEBFA16989638007D3C3A /* NINonRetainingCollections.m in Sources */ = {isa = PBXBuildFile; fileRef = 944DEBDD16989638007D3C3A /* NINonRetainingCollections.m */; };
		944DEBFB16989638007D3C3A /* NIOperations.m in Sources */ = {isa = PBXBuildFile; fileRef = 944DEBDF16989638007D3C3A /* NIOperations.m */; };
		944DEBFC16989638007D3C3A /* NIPaths.m in Sources */ = {isa = PBXBuildFile; fileRef = 944DEBE216989638007D3C3A /* NIPaths.m */; };
		944DEBFD16989638007D3C3A /* NIRuntimeClassModifications.m in Sources */ = {isa = PBXBuildFile; fileRef = 944DEBE516989638007D3C3A /* NIRuntimeClassModifications.m */; };
		944DEBFE16989638007D3C3A /* NISDKAvailability.m in Sources */ = {isa = PBXBuildFile; fileRef = 944DEBE716989638007D3C3A /* NISDKAvailability.m */; };
		944DEBFF16989638007D3C3A /* NISnapshotRotation.m in Sources */ = {isa = PBXBuildFile; fileRef = 944DEBE916989638007D3C3A /* NISnapshotRotation.m */; };
		944DEC0016989638007D3C3A /* NIState.m in Sources */ = {isa = PBXBuildFile; fileRef = 944DEBEB16989638007D3C3A /* NIState.m */; };
		944DEC0116989638007D3C3A /* NIViewRecycler.m in Sources */ = {isa = PBXBuildFile; fileRef = 944DEBED16989638007D3C3A /* NIViewRecycler.m */; };
		944DEC0216989638007D3C3A /* NSString+NimbusCore.m in Sources */ = {isa = PBXBuildFile; fileRef = 944DEBEF16989638007D3C3A /* NSString+NimbusCore.m */; };
		944DEC1A1698968B007D3C3A /* NICellBackgrounds.m in Sources */ = {isa = PBXBuildFile; fileRef = 944DEC051698968B007D3C3A /* NICellBackgrounds.m */; };
		944DEC1B1698968B007D3C3A /* NICellCatalog.m in Sources */ = {isa = PBXBuildFile; fileRef = 944DEC071698968B007D3C3A /* NICellCatalog.m */; };
		944DEC1C1698968B007D3C3A /* NICellFactory.m in Sources */ = {isa = PBXBuildFile; fileRef = 944DEC091698968B007D3C3A /* NICellFactory.m */; };
		944DEC1D1698968B007D3C3A /* NIFormCellCatalog.m in Sources */ = {isa = PBXBuildFile; fileRef = 944DEC0B1698968B007D3C3A /* NIFormCellCatalog.m */; };
		944DEC1E1698968B007D3C3A /* NIMutableTableViewModel.m in Sources */ = {isa = PBXBuildFile; fileRef = 944DEC0F1698968B007D3C3A /* NIMutableTableViewModel.m */; };
		944DEC1F1698968B007D3C3A /* NIRadioGroup.m in Sources */ = {isa = PBXBuildFile; fileRef = 944DEC121698968B007D3C3A /* NIRadioGroup.m */; };
		944DEC201698968B007D3C3A /* NIRadioGroupController.m in Sources */ = {isa = PBXBuildFile; fileRef = 944DEC141698968B007D3C3A /* NIRadioGroupController.m */; };
		944DEC211698968B007D3C3A /* NITableViewActions.m in Sources */ = {isa = PBXBuildFile; fileRef = 944DEC161698968B007D3C3A /* NITableViewActions.m */; };
		944DEC221698968B007D3C3A /* NITableViewModel.m in Sources */ = {isa = PBXBuildFile; fileRef = 944DEC181698968B007D3C3A /* NITableViewModel.m */; };
		944DEC8316996377007D3C3A /* CoreData.framework in Frameworks */ = {isa = PBXBuildFile; fileRef = 944DEC8216996377007D3C3A /* CoreData.framework */; };
		944DEC9916996DA0007D3C3A /* users.json in Resources */ = {isa = PBXBuildFile; fileRef = 944DEC9816996DA0007D3C3A /* users.json */; };
		944DECED169985DB007D3C3A /* RWUser.m in Sources */ = {isa = PBXBuildFile; fileRef = 944DECEC169985DB007D3C3A /* RWUser.m */; };
		944DECF016998604007D3C3A /* RWModels.xcdatamodeld in Sources */ = {isa = PBXBuildFile; fileRef = 944DECEE16998604007D3C3A /* RWModels.xcdatamodeld */; };
		944DED2C1699ADFF007D3C3A /* AFHTTPClient+Singleton.m in Sources */ = {isa = PBXBuildFile; fileRef = 944DED2B1699ADFF007D3C3A /* AFHTTPClient+Singleton.m */; };
		94665DD7168C1FFA00E55DEA /* libWeChatSDK_armv7_armv7s.a in Frameworks */ = {isa = PBXBuildFile; fileRef = 94665DD3168C1FFA00E55DEA /* libWeChatSDK_armv7_armv7s.a */; };
		94909910169696DE00985084 /* NIFormCellCatalog2.m in Sources */ = {isa = PBXBuildFile; fileRef = 9490990F169696DE00985084 /* NIFormCellCatalog2.m */; };
		949099921696BC6C00985084 /* RWCreateGameViewController.m in Sources */ = {isa = PBXBuildFile; fileRef = 949099911696BC6C00985084 /* RWCreateGameViewController.m */; };
		949099961696BD2500985084 /* RWGameSettings.m in Sources */ = {isa = PBXBuildFile; fileRef = 949099951696BD2500985084 /* RWGameSettings.m */; };
		94CBD614169B0B1500D2DE86 /* RKSeedDatabase.sqlite in Resources */ = {isa = PBXBuildFile; fileRef = 94CBD613169B0B1500D2DE86 /* RKSeedDatabase.sqlite */; };
		94D394CE169ABB0F007F5F2F /* DefaultSettings.plist in Resources */ = {isa = PBXBuildFile; fileRef = 94D394CD169ABB0F007F5F2F /* DefaultSettings.plist */; };
		94D44473168E057B002AECB4 /* RWMainViewController.m in Sources */ = {isa = PBXBuildFile; fileRef = 94D44472168E057B002AECB4 /* RWMainViewController.m */; };
		94D51F52168B29D400261F3C /* UIKit.framework in Frameworks */ = {isa = PBXBuildFile; fileRef = 94D51F51168B29D400261F3C /* UIKit.framework */; };
		94D51F54168B29D400261F3C /* Foundation.framework in Frameworks */ = {isa = PBXBuildFile; fileRef = 94D51F53168B29D400261F3C /* Foundation.framework */; };
		94D51F56168B29D400261F3C /* CoreGraphics.framework in Frameworks */ = {isa = PBXBuildFile; fileRef = 94D51F55168B29D400261F3C /* CoreGraphics.framework */; };
		94D51F5C168B29D400261F3C /* InfoPlist.strings in Resources */ = {isa = PBXBuildFile; fileRef = 94D51F5A168B29D400261F3C /* InfoPlist.strings */; };
		94D51F5E168B29D400261F3C /* main.m in Sources */ = {isa = PBXBuildFile; fileRef = 94D51F5D168B29D400261F3C /* main.m */; };
		94D51F64168B29D400261F3C /* Default.png in Resources */ = {isa = PBXBuildFile; fileRef = 94D51F63168B29D400261F3C /* Default.png */; };
		94D51F66168B29D400261F3C /* Default@2x.png in Resources */ = {isa = PBXBuildFile; fileRef = 94D51F65168B29D400261F3C /* Default@2x.png */; };
		94D51F68168B29D400261F3C /* Default-568h@2x.png in Resources */ = {isa = PBXBuildFile; fileRef = 94D51F67168B29D400261F3C /* Default-568h@2x.png */; };
		94D51F7F168B2B0500261F3C /* RWAppDelegate.m in Sources */ = {isa = PBXBuildFile; fileRef = 94D51F7A168B2B0500261F3C /* RWAppDelegate.m */; };
		94D51F80168B2B0500261F3C /* RWSettingsViewController.m in Sources */ = {isa = PBXBuildFile; fileRef = 94D51F7C168B2B0500261F3C /* RWSettingsViewController.m */; };
		94D51F84168B2B3A00261F3C /* RWRootViewController.m in Sources */ = {isa = PBXBuildFile; fileRef = 94D51F83168B2B3A00261F3C /* RWRootViewController.m */; };
/* End PBXBuildFile section */

/* Begin PBXContainerItemProxy section */
		944DEB5416989307007D3C3A /* PBXContainerItemProxy */ = {
			isa = PBXContainerItemProxy;
			containerPortal = 944DEB4A16989307007D3C3A /* RestKit.xcodeproj */;
			proxyType = 2;
			remoteGlobalIDString = 25160D1614564E810060A5C5;
			remoteInfo = RestKit;
		};
		944DEB5616989307007D3C3A /* PBXContainerItemProxy */ = {
			isa = PBXContainerItemProxy;
			containerPortal = 944DEB4A16989307007D3C3A /* RestKit.xcodeproj */;
			proxyType = 2;
			remoteGlobalIDString = 25160D2614564E820060A5C5;
			remoteInfo = RestKitTests;
		};
		944DEB5816989307007D3C3A /* PBXContainerItemProxy */ = {
			isa = PBXContainerItemProxy;
			containerPortal = 944DEB4A16989307007D3C3A /* RestKit.xcodeproj */;
			proxyType = 2;
			remoteGlobalIDString = 25160E62145651060060A5C5;
			remoteInfo = RestKitFramework;
		};
		944DEB5A16989307007D3C3A /* PBXContainerItemProxy */ = {
			isa = PBXContainerItemProxy;
			containerPortal = 944DEB4A16989307007D3C3A /* RestKit.xcodeproj */;
			proxyType = 2;
			remoteGlobalIDString = 25160E78145651060060A5C5;
			remoteInfo = RestKitFrameworkTests;
		};
		944DEB5C16989313007D3C3A /* PBXContainerItemProxy */ = {
			isa = PBXContainerItemProxy;
			containerPortal = 944DEB4A16989307007D3C3A /* RestKit.xcodeproj */;
			proxyType = 1;
			remoteGlobalIDString = 25160D1514564E810060A5C5;
			remoteInfo = RestKit;
		};
/* End PBXContainerItemProxy section */

/* Begin PBXFileReference section */
		940C32D0168C165800BCB8FB /* MobileCoreServices.framework */ = {isa = PBXFileReference; lastKnownFileType = wrapper.framework; name = MobileCoreServices.framework; path = System/Library/Frameworks/MobileCoreServices.framework; sourceTree = SDKROOT; };
		940C32D2168C166100BCB8FB /* SystemConfiguration.framework */ = {isa = PBXFileReference; lastKnownFileType = wrapper.framework; name = SystemConfiguration.framework; path = System/Library/Frameworks/SystemConfiguration.framework; sourceTree = SDKROOT; };
		944DEB4A16989307007D3C3A /* RestKit.xcodeproj */ = {isa = PBXFileReference; lastKnownFileType = "wrapper.pb-project"; name = RestKit.xcodeproj; path = RestKit/RestKit.xcodeproj; sourceTree = "<group>"; };
		944DEBC516989638007D3C3A /* NICommonMetrics.h */ = {isa = PBXFileReference; fileEncoding = 4; lastKnownFileType = sourcecode.c.h; name = NICommonMetrics.h; path = nimbus/src/core/src/NICommonMetrics.h; sourceTree = "<group>"; };
		944DEBC616989638007D3C3A /* NICommonMetrics.m */ = {isa = PBXFileReference; fileEncoding = 4; lastKnownFileType = sourcecode.c.objc; name = NICommonMetrics.m; path = nimbus/src/core/src/NICommonMetrics.m; sourceTree = "<group>"; };
		944DEBC716989638007D3C3A /* NIDataStructures.h */ = {isa = PBXFileReference; fileEncoding = 4; lastKnownFileType = sourcecode.c.h; name = NIDataStructures.h; path = nimbus/src/core/src/NIDataStructures.h; sourceTree = "<group>"; };
		944DEBC816989638007D3C3A /* NIDataStructures.m */ = {isa = PBXFileReference; fileEncoding = 4; lastKnownFileType = sourcecode.c.objc; name = NIDataStructures.m; path = nimbus/src/core/src/NIDataStructures.m; sourceTree = "<group>"; };
		944DEBC916989638007D3C3A /* NIDebuggingTools.h */ = {isa = PBXFileReference; fileEncoding = 4; lastKnownFileType = sourcecode.c.h; name = NIDebuggingTools.h; path = nimbus/src/core/src/NIDebuggingTools.h; sourceTree = "<group>"; };
		944DEBCA16989638007D3C3A /* NIDebuggingTools.m */ = {isa = PBXFileReference; fileEncoding = 4; lastKnownFileType = sourcecode.c.objc; name = NIDebuggingTools.m; path = nimbus/src/core/src/NIDebuggingTools.m; sourceTree = "<group>"; };
		944DEBCB16989638007D3C3A /* NIDeviceOrientation.h */ = {isa = PBXFileReference; fileEncoding = 4; lastKnownFileType = sourcecode.c.h; name = NIDeviceOrientation.h; path = nimbus/src/core/src/NIDeviceOrientation.h; sourceTree = "<group>"; };
		944DEBCC16989638007D3C3A /* NIDeviceOrientation.m */ = {isa = PBXFileReference; fileEncoding = 4; lastKnownFileType = sourcecode.c.objc; name = NIDeviceOrientation.m; path = nimbus/src/core/src/NIDeviceOrientation.m; sourceTree = "<group>"; };
		944DEBCD16989638007D3C3A /* NIError.h */ = {isa = PBXFileReference; fileEncoding = 4; lastKnownFileType = sourcecode.c.h; name = NIError.h; path = nimbus/src/core/src/NIError.h; sourceTree = "<group>"; };
		944DEBCE16989638007D3C3A /* NIError.m */ = {isa = PBXFileReference; fileEncoding = 4; lastKnownFileType = sourcecode.c.objc; name = NIError.m; path = nimbus/src/core/src/NIError.m; sourceTree = "<group>"; };
		944DEBCF16989638007D3C3A /* NIFoundationMethods.h */ = {isa = PBXFileReference; fileEncoding = 4; lastKnownFileType = sourcecode.c.h; name = NIFoundationMethods.h; path = nimbus/src/core/src/NIFoundationMethods.h; sourceTree = "<group>"; };
		944DEBD016989638007D3C3A /* NIFoundationMethods.m */ = {isa = PBXFileReference; fileEncoding = 4; lastKnownFileType = sourcecode.c.objc; name = NIFoundationMethods.m; path = nimbus/src/core/src/NIFoundationMethods.m; sourceTree = "<group>"; };
		944DEBD116989638007D3C3A /* NIInMemoryCache.h */ = {isa = PBXFileReference; fileEncoding = 4; lastKnownFileType = sourcecode.c.h; name = NIInMemoryCache.h; path = nimbus/src/core/src/NIInMemoryCache.h; sourceTree = "<group>"; };
		944DEBD216989638007D3C3A /* NIInMemoryCache.m */ = {isa = PBXFileReference; fileEncoding = 4; lastKnownFileType = sourcecode.c.objc; name = NIInMemoryCache.m; path = nimbus/src/core/src/NIInMemoryCache.m; sourceTree = "<group>"; };
		944DEBD316989638007D3C3A /* NimbusCore.h */ = {isa = PBXFileReference; fileEncoding = 4; lastKnownFileType = sourcecode.c.h; name = NimbusCore.h; path = nimbus/src/core/src/NimbusCore.h; sourceTree = "<group>"; };
		944DEBD416989638007D3C3A /* NimbusCore+Additions.h */ = {isa = PBXFileReference; fileEncoding = 4; lastKnownFileType = sourcecode.c.h; name = "NimbusCore+Additions.h"; path = "nimbus/src/core/src/NimbusCore+Additions.h"; sourceTree = "<group>"; };
		944DEBD516989638007D3C3A /* NimbusCore+Namespace.h */ = {isa = PBXFileReference; fileEncoding = 4; lastKnownFileType = sourcecode.c.h; name = "NimbusCore+Namespace.h"; path = "nimbus/src/core/src/NimbusCore+Namespace.h"; sourceTree = "<group>"; };
		944DEBD616989638007D3C3A /* NINavigationAppearance.h */ = {isa = PBXFileReference; fileEncoding = 4; lastKnownFileType = sourcecode.c.h; name = NINavigationAppearance.h; path = nimbus/src/core/src/NINavigationAppearance.h; sourceTree = "<group>"; };
		944DEBD716989638007D3C3A /* NINavigationAppearance.m */ = {isa = PBXFileReference; fileEncoding = 4; lastKnownFileType = sourcecode.c.objc; name = NINavigationAppearance.m; path = nimbus/src/core/src/NINavigationAppearance.m; sourceTree = "<group>"; };
		944DEBD816989638007D3C3A /* NINetworkActivity.h */ = {isa = PBXFileReference; fileEncoding = 4; lastKnownFileType = sourcecode.c.h; name = NINetworkActivity.h; path = nimbus/src/core/src/NINetworkActivity.h; sourceTree = "<group>"; };
		944DEBD916989638007D3C3A /* NINetworkActivity.m */ = {isa = PBXFileReference; fileEncoding = 4; lastKnownFileType = sourcecode.c.objc; name = NINetworkActivity.m; path = nimbus/src/core/src/NINetworkActivity.m; sourceTree = "<group>"; };
		944DEBDA16989638007D3C3A /* NINonEmptyCollectionTesting.h */ = {isa = PBXFileReference; fileEncoding = 4; lastKnownFileType = sourcecode.c.h; name = NINonEmptyCollectionTesting.h; path = nimbus/src/core/src/NINonEmptyCollectionTesting.h; sourceTree = "<group>"; };
		944DEBDB16989638007D3C3A /* NINonEmptyCollectionTesting.m */ = {isa = PBXFileReference; fileEncoding = 4; lastKnownFileType = sourcecode.c.objc; name = NINonEmptyCollectionTesting.m; path = nimbus/src/core/src/NINonEmptyCollectionTesting.m; sourceTree = "<group>"; };
		944DEBDC16989638007D3C3A /* NINonRetainingCollections.h */ = {isa = PBXFileReference; fileEncoding = 4; lastKnownFileType = sourcecode.c.h; name = NINonRetainingCollections.h; path = nimbus/src/core/src/NINonRetainingCollections.h; sourceTree = "<group>"; };
		944DEBDD16989638007D3C3A /* NINonRetainingCollections.m */ = {isa = PBXFileReference; fileEncoding = 4; lastKnownFileType = sourcecode.c.objc; name = NINonRetainingCollections.m; path = nimbus/src/core/src/NINonRetainingCollections.m; sourceTree = "<group>"; };
		944DEBDE16989638007D3C3A /* NIOperations.h */ = {isa = PBXFileReference; fileEncoding = 4; lastKnownFileType = sourcecode.c.h; name = NIOperations.h; path = nimbus/src/core/src/NIOperations.h; sourceTree = "<group>"; };
		944DEBDF16989638007D3C3A /* NIOperations.m */ = {isa = PBXFileReference; fileEncoding = 4; lastKnownFileType = sourcecode.c.objc; name = NIOperations.m; path = nimbus/src/core/src/NIOperations.m; sourceTree = "<group>"; };
		944DEBE016989638007D3C3A /* NIOperations+Subclassing.h */ = {isa = PBXFileReference; fileEncoding = 4; lastKnownFileType = sourcecode.c.h; name = "NIOperations+Subclassing.h"; path = "nimbus/src/core/src/NIOperations+Subclassing.h"; sourceTree = "<group>"; };
		944DEBE116989638007D3C3A /* NIPaths.h */ = {isa = PBXFileReference; fileEncoding = 4; lastKnownFileType = sourcecode.c.h; name = NIPaths.h; path = nimbus/src/core/src/NIPaths.h; sourceTree = "<group>"; };
		944DEBE216989638007D3C3A /* NIPaths.m */ = {isa = PBXFileReference; fileEncoding = 4; lastKnownFileType = sourcecode.c.objc; name = NIPaths.m; path = nimbus/src/core/src/NIPaths.m; sourceTree = "<group>"; };
		944DEBE316989638007D3C3A /* NIPreprocessorMacros.h */ = {isa = PBXFileReference; fileEncoding = 4; lastKnownFileType = sourcecode.c.h; name = NIPreprocessorMacros.h; path = nimbus/src/core/src/NIPreprocessorMacros.h; sourceTree = "<group>"; };
		944DEBE416989638007D3C3A /* NIRuntimeClassModifications.h */ = {isa = PBXFileReference; fileEncoding = 4; lastKnownFileType = sourcecode.c.h; name = NIRuntimeClassModifications.h; path = nimbus/src/core/src/NIRuntimeClassModifications.h; sourceTree = "<group>"; };
		944DEBE516989638007D3C3A /* NIRuntimeClassModifications.m */ = {isa = PBXFileReference; fileEncoding = 4; lastKnownFileType = sourcecode.c.objc; name = NIRuntimeClassModifications.m; path = nimbus/src/core/src/NIRuntimeClassModifications.m; sourceTree = "<group>"; };
		944DEBE616989638007D3C3A /* NISDKAvailability.h */ = {isa = PBXFileReference; fileEncoding = 4; lastKnownFileType = sourcecode.c.h; name = NISDKAvailability.h; path = nimbus/src/core/src/NISDKAvailability.h; sourceTree = "<group>"; };
		944DEBE716989638007D3C3A /* NISDKAvailability.m */ = {isa = PBXFileReference; fileEncoding = 4; lastKnownFileType = sourcecode.c.objc; name = NISDKAvailability.m; path = nimbus/src/core/src/NISDKAvailability.m; sourceTree = "<group>"; };
		944DEBE816989638007D3C3A /* NISnapshotRotation.h */ = {isa = PBXFileReference; fileEncoding = 4; lastKnownFileType = sourcecode.c.h; name = NISnapshotRotation.h; path = nimbus/src/core/src/NISnapshotRotation.h; sourceTree = "<group>"; };
		944DEBE916989638007D3C3A /* NISnapshotRotation.m */ = {isa = PBXFileReference; fileEncoding = 4; lastKnownFileType = sourcecode.c.objc; name = NISnapshotRotation.m; path = nimbus/src/core/src/NISnapshotRotation.m; sourceTree = "<group>"; };
		944DEBEA16989638007D3C3A /* NIState.h */ = {isa = PBXFileReference; fileEncoding = 4; lastKnownFileType = sourcecode.c.h; name = NIState.h; path = nimbus/src/core/src/NIState.h; sourceTree = "<group>"; };
		944DEBEB16989638007D3C3A /* NIState.m */ = {isa = PBXFileReference; fileEncoding = 4; lastKnownFileType = sourcecode.c.objc; name = NIState.m; path = nimbus/src/core/src/NIState.m; sourceTree = "<group>"; };
		944DEBEC16989638007D3C3A /* NIViewRecycler.h */ = {isa = PBXFileReference; fileEncoding = 4; lastKnownFileType = sourcecode.c.h; name = NIViewRecycler.h; path = nimbus/src/core/src/NIViewRecycler.h; sourceTree = "<group>"; };
		944DEBED16989638007D3C3A /* NIViewRecycler.m */ = {isa = PBXFileReference; fileEncoding = 4; lastKnownFileType = sourcecode.c.objc; name = NIViewRecycler.m; path = nimbus/src/core/src/NIViewRecycler.m; sourceTree = "<group>"; };
		944DEBEE16989638007D3C3A /* NSString+NimbusCore.h */ = {isa = PBXFileReference; fileEncoding = 4; lastKnownFileType = sourcecode.c.h; name = "NSString+NimbusCore.h"; path = "nimbus/src/core/src/NSString+NimbusCore.h"; sourceTree = "<group>"; };
		944DEBEF16989638007D3C3A /* NSString+NimbusCore.m */ = {isa = PBXFileReference; fileEncoding = 4; lastKnownFileType = sourcecode.c.objc; name = "NSString+NimbusCore.m"; path = "nimbus/src/core/src/NSString+NimbusCore.m"; sourceTree = "<group>"; };
		944DEC041698968B007D3C3A /* NICellBackgrounds.h */ = {isa = PBXFileReference; fileEncoding = 4; lastKnownFileType = sourcecode.c.h; name = NICellBackgrounds.h; path = nimbus/src/models/src/NICellBackgrounds.h; sourceTree = "<group>"; };
		944DEC051698968B007D3C3A /* NICellBackgrounds.m */ = {isa = PBXFileReference; fileEncoding = 4; lastKnownFileType = sourcecode.c.objc; name = NICellBackgrounds.m; path = nimbus/src/models/src/NICellBackgrounds.m; sourceTree = "<group>"; };
		944DEC061698968B007D3C3A /* NICellCatalog.h */ = {isa = PBXFileReference; fileEncoding = 4; lastKnownFileType = sourcecode.c.h; name = NICellCatalog.h; path = nimbus/src/models/src/NICellCatalog.h; sourceTree = "<group>"; };
		944DEC071698968B007D3C3A /* NICellCatalog.m */ = {isa = PBXFileReference; fileEncoding = 4; lastKnownFileType = sourcecode.c.objc; name = NICellCatalog.m; path = nimbus/src/models/src/NICellCatalog.m; sourceTree = "<group>"; };
		944DEC081698968B007D3C3A /* NICellFactory.h */ = {isa = PBXFileReference; fileEncoding = 4; lastKnownFileType = sourcecode.c.h; name = NICellFactory.h; path = nimbus/src/models/src/NICellFactory.h; sourceTree = "<group>"; };
		944DEC091698968B007D3C3A /* NICellFactory.m */ = {isa = PBXFileReference; fileEncoding = 4; lastKnownFileType = sourcecode.c.objc; name = NICellFactory.m; path = nimbus/src/models/src/NICellFactory.m; sourceTree = "<group>"; };
		944DEC0A1698968B007D3C3A /* NIFormCellCatalog.h */ = {isa = PBXFileReference; fileEncoding = 4; lastKnownFileType = sourcecode.c.h; name = NIFormCellCatalog.h; path = nimbus/src/models/src/NIFormCellCatalog.h; sourceTree = "<group>"; };
		944DEC0B1698968B007D3C3A /* NIFormCellCatalog.m */ = {isa = PBXFileReference; fileEncoding = 4; lastKnownFileType = sourcecode.c.objc; name = NIFormCellCatalog.m; path = nimbus/src/models/src/NIFormCellCatalog.m; sourceTree = "<group>"; };
		944DEC0C1698968B007D3C3A /* NimbusModels.h */ = {isa = PBXFileReference; fileEncoding = 4; lastKnownFileType = sourcecode.c.h; name = NimbusModels.h; path = nimbus/src/models/src/NimbusModels.h; sourceTree = "<group>"; };
		944DEC0D1698968B007D3C3A /* NimbusModels+Namespace.h */ = {isa = PBXFileReference; fileEncoding = 4; lastKnownFileType = sourcecode.c.h; name = "NimbusModels+Namespace.h"; path = "nimbus/src/models/src/NimbusModels+Namespace.h"; sourceTree = "<group>"; };
		944DEC0E1698968B007D3C3A /* NIMutableTableViewModel.h */ = {isa = PBXFileReference; fileEncoding = 4; lastKnownFileType = sourcecode.c.h; name = NIMutableTableViewModel.h; path = nimbus/src/models/src/NIMutableTableViewModel.h; sourceTree = "<group>"; };
		944DEC0F1698968B007D3C3A /* NIMutableTableViewModel.m */ = {isa = PBXFileReference; fileEncoding = 4; lastKnownFileType = sourcecode.c.objc; name = NIMutableTableViewModel.m; path = nimbus/src/models/src/NIMutableTableViewModel.m; sourceTree = "<group>"; };
		944DEC101698968B007D3C3A /* NIMutableTableViewModel+Private.h */ = {isa = PBXFileReference; fileEncoding = 4; lastKnownFileType = sourcecode.c.h; name = "NIMutableTableViewModel+Private.h"; path = "nimbus/src/models/src/NIMutableTableViewModel+Private.h"; sourceTree = "<group>"; };
		944DEC111698968B007D3C3A /* NIRadioGroup.h */ = {isa = PBXFileReference; fileEncoding = 4; lastKnownFileType = sourcecode.c.h; name = NIRadioGroup.h; path = nimbus/src/models/src/NIRadioGroup.h; sourceTree = "<group>"; };
		944DEC121698968B007D3C3A /* NIRadioGroup.m */ = {isa = PBXFileReference; fileEncoding = 4; lastKnownFileType = sourcecode.c.objc; name = NIRadioGroup.m; path = nimbus/src/models/src/NIRadioGroup.m; sourceTree = "<group>"; };
		944DEC131698968B007D3C3A /* NIRadioGroupController.h */ = {isa = PBXFileReference; fileEncoding = 4; lastKnownFileType = sourcecode.c.h; name = NIRadioGroupController.h; path = nimbus/src/models/src/NIRadioGroupController.h; sourceTree = "<group>"; };
		944DEC141698968B007D3C3A /* NIRadioGroupController.m */ = {isa = PBXFileReference; fileEncoding = 4; lastKnownFileType = sourcecode.c.objc; name = NIRadioGroupController.m; path = nimbus/src/models/src/NIRadioGroupController.m; sourceTree = "<group>"; };
		944DEC151698968B007D3C3A /* NITableViewActions.h */ = {isa = PBXFileReference; fileEncoding = 4; lastKnownFileType = sourcecode.c.h; name = NITableViewActions.h; path = nimbus/src/models/src/NITableViewActions.h; sourceTree = "<group>"; };
		944DEC161698968B007D3C3A /* NITableViewActions.m */ = {isa = PBXFileReference; fileEncoding = 4; lastKnownFileType = sourcecode.c.objc; name = NITableViewActions.m; path = nimbus/src/models/src/NITableViewActions.m; sourceTree = "<group>"; };
		944DEC171698968B007D3C3A /* NITableViewModel.h */ = {isa = PBXFileReference; fileEncoding = 4; lastKnownFileType = sourcecode.c.h; name = NITableViewModel.h; path = nimbus/src/models/src/NITableViewModel.h; sourceTree = "<group>"; };
		944DEC181698968B007D3C3A /* NITableViewModel.m */ = {isa = PBXFileReference; fileEncoding = 4; lastKnownFileType = sourcecode.c.objc; name = NITableViewModel.m; path = nimbus/src/models/src/NITableViewModel.m; sourceTree = "<group>"; };
		944DEC191698968B007D3C3A /* NITableViewModel+Private.h */ = {isa = PBXFileReference; fileEncoding = 4; lastKnownFileType = sourcecode.c.h; name = "NITableViewModel+Private.h"; path = "nimbus/src/models/src/NITableViewModel+Private.h"; sourceTree = "<group>"; };
		944DEC2316989828007D3C3A /* RWURLConstants.h */ = {isa = PBXFileReference; lastKnownFileType = sourcecode.c.h; path = RWURLConstants.h; sourceTree = "<group>"; };
		944DEC8216996377007D3C3A /* CoreData.framework */ = {isa = PBXFileReference; lastKnownFileType = wrapper.framework; name = CoreData.framework; path = System/Library/Frameworks/CoreData.framework; sourceTree = SDKROOT; };
		944DEC9816996DA0007D3C3A /* users.json */ = {isa = PBXFileReference; fileEncoding = 4; lastKnownFileType = text.json; name = users.json; path = RestKit/Examples/RKTwitterCoreData/users.json; sourceTree = SOURCE_ROOT; };
		944DECEB169985DB007D3C3A /* RWUser.h */ = {isa = PBXFileReference; fileEncoding = 4; lastKnownFileType = sourcecode.c.h; path = RWUser.h; sourceTree = "<group>"; };
		944DECEC169985DB007D3C3A /* RWUser.m */ = {isa = PBXFileReference; fileEncoding = 4; lastKnownFileType = sourcecode.c.objc; path = RWUser.m; sourceTree = "<group>"; };
		944DECEF16998604007D3C3A /* RWModels.xcdatamodel */ = {isa = PBXFileReference; lastKnownFileType = wrapper.xcdatamodel; path = RWModels.xcdatamodel; sourceTree = "<group>"; };
		944DED2A1699ADFF007D3C3A /* AFHTTPClient+Singleton.h */ = {isa = PBXFileReference; fileEncoding = 4; lastKnownFileType = sourcecode.c.h; name = "AFHTTPClient+Singleton.h"; path = "Vote/src/request/AFHTTPClient+Singleton.h"; sourceTree = SOURCE_ROOT; };
		944DED2B1699ADFF007D3C3A /* AFHTTPClient+Singleton.m */ = {isa = PBXFileReference; fileEncoding = 4; lastKnownFileType = sourcecode.c.objc; name = "AFHTTPClient+Singleton.m"; path = "Vote/src/request/AFHTTPClient+Singleton.m"; sourceTree = SOURCE_ROOT; };
		94665DD3168C1FFA00E55DEA /* libWeChatSDK_armv7_armv7s.a */ = {isa = PBXFileReference; lastKnownFileType = archive.ar; path = libWeChatSDK_armv7_armv7s.a; sourceTree = "<group>"; };
		94665DD4168C1FFA00E55DEA /* WXApi.h */ = {isa = PBXFileReference; fileEncoding = 4; lastKnownFileType = sourcecode.c.h; path = WXApi.h; sourceTree = "<group>"; };
		94665DD5168C1FFA00E55DEA /* WXApiObject.h */ = {isa = PBXFileReference; fileEncoding = 4; lastKnownFileType = sourcecode.c.h; path = WXApiObject.h; sourceTree = "<group>"; };
		9490990E169696DE00985084 /* NIFormCellCatalog2.h */ = {isa = PBXFileReference; fileEncoding = 4; lastKnownFileType = sourcecode.c.h; path = NIFormCellCatalog2.h; sourceTree = "<group>"; };
		9490990F169696DE00985084 /* NIFormCellCatalog2.m */ = {isa = PBXFileReference; fileEncoding = 4; lastKnownFileType = sourcecode.c.objc; path = NIFormCellCatalog2.m; sourceTree = "<group>"; };
		949099901696BC6C00985084 /* RWCreateGameViewController.h */ = {isa = PBXFileReference; fileEncoding = 4; lastKnownFileType = sourcecode.c.h; path = RWCreateGameViewController.h; sourceTree = "<group>"; };
		949099911696BC6C00985084 /* RWCreateGameViewController.m */ = {isa = PBXFileReference; fileEncoding = 4; lastKnownFileType = sourcecode.c.objc; path = RWCreateGameViewController.m; sourceTree = "<group>"; };
		949099941696BD2500985084 /* RWGameSettings.h */ = {isa = PBXFileReference; fileEncoding = 4; lastKnownFileType = sourcecode.c.h; path = RWGameSettings.h; sourceTree = "<group>"; };
		949099951696BD2500985084 /* RWGameSettings.m */ = {isa = PBXFileReference; fileEncoding = 4; lastKnownFileType = sourcecode.c.objc; path = RWGameSettings.m; sourceTree = "<group>"; };
		94CBD613169B0B1500D2DE86 /* RKSeedDatabase.sqlite */ = {isa = PBXFileReference; fileEncoding = 4; lastKnownFileType = text; path = RKSeedDatabase.sqlite; sourceTree = "<group>"; };
		94D394CD169ABB0F007F5F2F /* DefaultSettings.plist */ = {isa = PBXFileReference; fileEncoding = 4; lastKnownFileType = text.plist.xml; path = DefaultSettings.plist; sourceTree = "<group>"; };
		94D44471168E057A002AECB4 /* RWMainViewController.h */ = {isa = PBXFileReference; fileEncoding = 4; lastKnownFileType = sourcecode.c.h; path = RWMainViewController.h; sourceTree = "<group>"; };
		94D44472168E057B002AECB4 /* RWMainViewController.m */ = {isa = PBXFileReference; fileEncoding = 4; lastKnownFileType = sourcecode.c.objc; path = RWMainViewController.m; sourceTree = "<group>"; };
		94D51F4D168B29D400261F3C /* Vote.app */ = {isa = PBXFileReference; explicitFileType = wrapper.application; includeInIndex = 0; path = Vote.app; sourceTree = BUILT_PRODUCTS_DIR; };
		94D51F51168B29D400261F3C /* UIKit.framework */ = {isa = PBXFileReference; lastKnownFileType = wrapper.framework; name = UIKit.framework; path = System/Library/Frameworks/UIKit.framework; sourceTree = SDKROOT; };
		94D51F53168B29D400261F3C /* Foundation.framework */ = {isa = PBXFileReference; lastKnownFileType = wrapper.framework; name = Foundation.framework; path = System/Library/Frameworks/Foundation.framework; sourceTree = SDKROOT; };
		94D51F55168B29D400261F3C /* CoreGraphics.framework */ = {isa = PBXFileReference; lastKnownFileType = wrapper.framework; name = CoreGraphics.framework; path = System/Library/Frameworks/CoreGraphics.framework; sourceTree = SDKROOT; };
		94D51F59168B29D400261F3C /* Vote-Info.plist */ = {isa = PBXFileReference; lastKnownFileType = text.plist.xml; path = "Vote-Info.plist"; sourceTree = "<group>"; };
		94D51F5B168B29D400261F3C /* en */ = {isa = PBXFileReference; lastKnownFileType = text.plist.strings; name = en; path = en.lproj/InfoPlist.strings; sourceTree = "<group>"; };
		94D51F5D168B29D400261F3C /* main.m */ = {isa = PBXFileReference; lastKnownFileType = sourcecode.c.objc; path = main.m; sourceTree = "<group>"; };
		94D51F5F168B29D400261F3C /* Vote-Prefix.pch */ = {isa = PBXFileReference; lastKnownFileType = sourcecode.c.h; path = "Vote-Prefix.pch"; sourceTree = "<group>"; };
		94D51F63168B29D400261F3C /* Default.png */ = {isa = PBXFileReference; lastKnownFileType = image.png; path = Default.png; sourceTree = "<group>"; };
		94D51F65168B29D400261F3C /* Default@2x.png */ = {isa = PBXFileReference; lastKnownFileType = image.png; path = "Default@2x.png"; sourceTree = "<group>"; };
		94D51F67168B29D400261F3C /* Default-568h@2x.png */ = {isa = PBXFileReference; lastKnownFileType = image.png; path = "Default-568h@2x.png"; sourceTree = "<group>"; };
		94D51F79168B2B0500261F3C /* RWAppDelegate.h */ = {isa = PBXFileReference; fileEncoding = 4; lastKnownFileType = sourcecode.c.h; path = RWAppDelegate.h; sourceTree = "<group>"; };
		94D51F7A168B2B0500261F3C /* RWAppDelegate.m */ = {isa = PBXFileReference; fileEncoding = 4; lastKnownFileType = sourcecode.c.objc; path = RWAppDelegate.m; sourceTree = "<group>"; };
		94D51F7B168B2B0500261F3C /* RWSettingsViewController.h */ = {isa = PBXFileReference; fileEncoding = 4; lastKnownFileType = sourcecode.c.h; path = RWSettingsViewController.h; sourceTree = "<group>"; };
		94D51F7C168B2B0500261F3C /* RWSettingsViewController.m */ = {isa = PBXFileReference; fileEncoding = 4; lastKnownFileType = sourcecode.c.objc; path = RWSettingsViewController.m; sourceTree = "<group>"; };
		94D51F82168B2B3A00261F3C /* RWRootViewController.h */ = {isa = PBXFileReference; fileEncoding = 4; lastKnownFileType = sourcecode.c.h; path = RWRootViewController.h; sourceTree = "<group>"; };
		94D51F83168B2B3A00261F3C /* RWRootViewController.m */ = {isa = PBXFileReference; fileEncoding = 4; lastKnownFileType = sourcecode.c.objc; path = RWRootViewController.m; sourceTree = "<group>"; };
/* End PBXFileReference section */

/* Begin PBXFrameworksBuildPhase section */
		94D51F4A168B29D400261F3C /* Frameworks */ = {
			isa = PBXFrameworksBuildPhase;
			buildActionMask = 2147483647;
			files = (
				944DEB5E16989323007D3C3A /* libRestKit.a in Frameworks */,
				94D51F52168B29D400261F3C /* UIKit.framework in Frameworks */,
				94D51F54168B29D400261F3C /* Foundation.framework in Frameworks */,
				94D51F56168B29D400261F3C /* CoreGraphics.framework in Frameworks */,
				940C32D1168C165800BCB8FB /* MobileCoreServices.framework in Frameworks */,
				940C32D3168C166100BCB8FB /* SystemConfiguration.framework in Frameworks */,
				94665DD7168C1FFA00E55DEA /* libWeChatSDK_armv7_armv7s.a in Frameworks */,
				944DEC8316996377007D3C3A /* CoreData.framework in Frameworks */,
			);
			runOnlyForDeploymentPostprocessing = 0;
		};
/* End PBXFrameworksBuildPhase section */

/* Begin PBXGroup section */
		944DEB4B16989307007D3C3A /* Products */ = {
			isa = PBXGroup;
			children = (
				944DEB5516989307007D3C3A /* libRestKit.a */,
				944DEB5716989307007D3C3A /* RestKitTests.octest */,
				944DEB5916989307007D3C3A /* RestKit.framework */,
				944DEB5B16989307007D3C3A /* RestKitFrameworkTests.octest */,
			);
			name = Products;
			sourceTree = "<group>";
		};
		944DEBC316989607007D3C3A /* nimbus */ = {
			isa = PBXGroup;
			children = (
				944DEC0316989679007D3C3A /* models */,
				944DEBC416989626007D3C3A /* Core */,
			);
			name = nimbus;
			sourceTree = "<group>";
		};
		944DEBC416989626007D3C3A /* Core */ = {
			isa = PBXGroup;
			children = (
				944DEBC516989638007D3C3A /* NICommonMetrics.h */,
				944DEBC616989638007D3C3A /* NICommonMetrics.m */,
				944DEBC716989638007D3C3A /* NIDataStructures.h */,
				944DEBC816989638007D3C3A /* NIDataStructures.m */,
				944DEBC916989638007D3C3A /* NIDebuggingTools.h */,
				944DEBCA16989638007D3C3A /* NIDebuggingTools.m */,
				944DEBCB16989638007D3C3A /* NIDeviceOrientation.h */,
				944DEBCC16989638007D3C3A /* NIDeviceOrientation.m */,
				944DEBCD16989638007D3C3A /* NIError.h */,
				944DEBCE16989638007D3C3A /* NIError.m */,
				944DEBCF16989638007D3C3A /* NIFoundationMethods.h */,
				944DEBD016989638007D3C3A /* NIFoundationMethods.m */,
				944DEBD116989638007D3C3A /* NIInMemoryCache.h */,
				944DEBD216989638007D3C3A /* NIInMemoryCache.m */,
				944DEBD316989638007D3C3A /* NimbusCore.h */,
				944DEBD416989638007D3C3A /* NimbusCore+Additions.h */,
				944DEBD516989638007D3C3A /* NimbusCore+Namespace.h */,
				944DEBD616989638007D3C3A /* NINavigationAppearance.h */,
				944DEBD716989638007D3C3A /* NINavigationAppearance.m */,
				944DEBD816989638007D3C3A /* NINetworkActivity.h */,
				944DEBD916989638007D3C3A /* NINetworkActivity.m */,
				944DEBDA16989638007D3C3A /* NINonEmptyCollectionTesting.h */,
				944DEBDB16989638007D3C3A /* NINonEmptyCollectionTesting.m */,
				944DEBDC16989638007D3C3A /* NINonRetainingCollections.h */,
				944DEBDD16989638007D3C3A /* NINonRetainingCollections.m */,
				944DEBDE16989638007D3C3A /* NIOperations.h */,
				944DEBDF16989638007D3C3A /* NIOperations.m */,
				944DEBE016989638007D3C3A /* NIOperations+Subclassing.h */,
				944DEBE116989638007D3C3A /* NIPaths.h */,
				944DEBE216989638007D3C3A /* NIPaths.m */,
				944DEBE316989638007D3C3A /* NIPreprocessorMacros.h */,
				944DEBE416989638007D3C3A /* NIRuntimeClassModifications.h */,
				944DEBE516989638007D3C3A /* NIRuntimeClassModifications.m */,
				944DEBE616989638007D3C3A /* NISDKAvailability.h */,
				944DEBE716989638007D3C3A /* NISDKAvailability.m */,
				944DEBE816989638007D3C3A /* NISnapshotRotation.h */,
				944DEBE916989638007D3C3A /* NISnapshotRotation.m */,
				944DEBEA16989638007D3C3A /* NIState.h */,
				944DEBEB16989638007D3C3A /* NIState.m */,
				944DEBEC16989638007D3C3A /* NIViewRecycler.h */,
				944DEBED16989638007D3C3A /* NIViewRecycler.m */,
				944DEBEE16989638007D3C3A /* NSString+NimbusCore.h */,
				944DEBEF16989638007D3C3A /* NSString+NimbusCore.m */,
			);
			name = Core;
			sourceTree = "<group>";
		};
		944DEC0316989679007D3C3A /* models */ = {
			isa = PBXGroup;
			children = (
				944DEC041698968B007D3C3A /* NICellBackgrounds.h */,
				944DEC051698968B007D3C3A /* NICellBackgrounds.m */,
				944DEC061698968B007D3C3A /* NICellCatalog.h */,
				944DEC071698968B007D3C3A /* NICellCatalog.m */,
				944DEC081698968B007D3C3A /* NICellFactory.h */,
				944DEC091698968B007D3C3A /* NICellFactory.m */,
				944DEC0A1698968B007D3C3A /* NIFormCellCatalog.h */,
				944DEC0B1698968B007D3C3A /* NIFormCellCatalog.m */,
				944DEC0C1698968B007D3C3A /* NimbusModels.h */,
				944DEC0D1698968B007D3C3A /* NimbusModels+Namespace.h */,
				944DEC0E1698968B007D3C3A /* NIMutableTableViewModel.h */,
				944DEC0F1698968B007D3C3A /* NIMutableTableViewModel.m */,
				944DEC101698968B007D3C3A /* NIMutableTableViewModel+Private.h */,
				944DEC111698968B007D3C3A /* NIRadioGroup.h */,
				944DEC121698968B007D3C3A /* NIRadioGroup.m */,
				944DEC131698968B007D3C3A /* NIRadioGroupController.h */,
				944DEC141698968B007D3C3A /* NIRadioGroupController.m */,
				944DEC151698968B007D3C3A /* NITableViewActions.h */,
				944DEC161698968B007D3C3A /* NITableViewActions.m */,
				944DEC171698968B007D3C3A /* NITableViewModel.h */,
				944DEC181698968B007D3C3A /* NITableViewModel.m */,
				944DEC191698968B007D3C3A /* NITableViewModel+Private.h */,
			);
			name = models;
			sourceTree = "<group>";
		};
		94665DD1168C1FFA00E55DEA /* libWeChat */ = {
			isa = PBXGroup;
			children = (
				94665DD4168C1FFA00E55DEA /* WXApi.h */,
				94665DD5168C1FFA00E55DEA /* WXApiObject.h */,
				94665DD3168C1FFA00E55DEA /* libWeChatSDK_armv7_armv7s.a */,
			);
			name = libWeChat;
			path = Vote/Frameworks/libWeChat;
			sourceTree = "<group>";
		};
		9490998B1696BA9400985084 /* Request */ = {
			isa = PBXGroup;
			children = (
				944DEC9816996DA0007D3C3A /* users.json */,
				944DED2A1699ADFF007D3C3A /* AFHTTPClient+Singleton.h */,
				944DED2B1699ADFF007D3C3A /* AFHTTPClient+Singleton.m */,
			);
			path = Request;
			sourceTree = "<group>";
		};
		949099931696BD1600985084 /* Models */ = {
			isa = PBXGroup;
			children = (
				94CBD613169B0B1500D2DE86 /* RKSeedDatabase.sqlite */,
				944DECEE16998604007D3C3A /* RWModels.xcdatamodeld */,
				944DECEB169985DB007D3C3A /* RWUser.h */,
				944DECEC169985DB007D3C3A /* RWUser.m */,
				949099941696BD2500985084 /* RWGameSettings.h */,
				949099951696BD2500985084 /* RWGameSettings.m */,
			);
			path = Models;
			sourceTree = "<group>";
		};
		94D44467168DFEF0002AECB4 /* nimbus-category */ = {
			isa = PBXGroup;
			children = (
				9490990E169696DE00985084 /* NIFormCellCatalog2.h */,
				9490990F169696DE00985084 /* NIFormCellCatalog2.m */,
			);
			path = "nimbus-category";
			sourceTree = "<group>";
		};
		94D51F42168B29D400261F3C = {
			isa = PBXGroup;
			children = (
				944DEBC316989607007D3C3A /* nimbus */,
				944DEB4A16989307007D3C3A /* RestKit.xcodeproj */,
				94D51F57168B29D400261F3C /* Vote */,
				94D51F50168B29D400261F3C /* Frameworks */,
				94D51F4E168B29D400261F3C /* Products */,
			);
			sourceTree = "<group>";
		};
		94D51F4E168B29D400261F3C /* Products */ = {
			isa = PBXGroup;
			children = (
				94D51F4D168B29D400261F3C /* Vote.app */,
			);
			name = Products;
			sourceTree = "<group>";
		};
		94D51F50168B29D400261F3C /* Frameworks */ = {
			isa = PBXGroup;
			children = (
				944DEC8216996377007D3C3A /* CoreData.framework */,
				94665DD1168C1FFA00E55DEA /* libWeChat */,
				940C32D2168C166100BCB8FB /* SystemConfiguration.framework */,
				940C32D0168C165800BCB8FB /* MobileCoreServices.framework */,
				94D51F51168B29D400261F3C /* UIKit.framework */,
				94D51F53168B29D400261F3C /* Foundation.framework */,
				94D51F55168B29D400261F3C /* CoreGraphics.framework */,
			);
			name = Frameworks;
			sourceTree = "<group>";
		};
		94D51F57168B29D400261F3C /* Vote */ = {
			isa = PBXGroup;
			children = (
				94D51F78168B2B0500261F3C /* src */,
				94D51F58168B29D400261F3C /* Supporting Files */,
				94D51F77168B2B0500261F3C /* resource */,
			);
			path = Vote;
			sourceTree = "<group>";
		};
		94D51F58168B29D400261F3C /* Supporting Files */ = {
			isa = PBXGroup;
			children = (
				94D51F59168B29D400261F3C /* Vote-Info.plist */,
				94D51F5A168B29D400261F3C /* InfoPlist.strings */,
				94D51F5D168B29D400261F3C /* main.m */,
				94D51F5F168B29D400261F3C /* Vote-Prefix.pch */,
				94D51F63168B29D400261F3C /* Default.png */,
				94D51F65168B29D400261F3C /* Default@2x.png */,
				94D51F67168B29D400261F3C /* Default-568h@2x.png */,
			);
			name = "Supporting Files";
			sourceTree = "<group>";
		};
		94D51F77168B2B0500261F3C /* resource */ = {
			isa = PBXGroup;
			children = (
				94D394CD169ABB0F007F5F2F /* DefaultSettings.plist */,
			);
			path = resource;
			sourceTree = "<group>";
		};
		94D51F78168B2B0500261F3C /* src */ = {
			isa = PBXGroup;
			children = (
				944DEC2316989828007D3C3A /* RWURLConstants.h */,
				94D44467168DFEF0002AECB4 /* nimbus-category */,
				949099931696BD1600985084 /* Models */,
				9490998B1696BA9400985084 /* Request */,
				94D51F79168B2B0500261F3C /* RWAppDelegate.h */,
				94D51F7A168B2B0500261F3C /* RWAppDelegate.m */,
				949099901696BC6C00985084 /* RWCreateGameViewController.h */,
				949099911696BC6C00985084 /* RWCreateGameViewController.m */,
				94D51F7B168B2B0500261F3C /* RWSettingsViewController.h */,
				94D51F7C168B2B0500261F3C /* RWSettingsViewController.m */,
				94D51F82168B2B3A00261F3C /* RWRootViewController.h */,
				94D51F83168B2B3A00261F3C /* RWRootViewController.m */,
				94D44471168E057A002AECB4 /* RWMainViewController.h */,
				94D44472168E057B002AECB4 /* RWMainViewController.m */,
			);
			path = src;
			sourceTree = "<group>";
		};
/* End PBXGroup section */

/* Begin PBXNativeTarget section */
		94D51F4C168B29D400261F3C /* Vote */ = {
			isa = PBXNativeTarget;
			buildConfigurationList = 94D51F71168B29D400261F3C /* Build configuration list for PBXNativeTarget "Vote" */;
			buildPhases = (
				94D51F49168B29D400261F3C /* Sources */,
				94D51F4A168B29D400261F3C /* Frameworks */,
				94D51F4B168B29D400261F3C /* Resources */,
			);
			buildRules = (
			);
			dependencies = (
				944DEB5D16989313007D3C3A /* PBXTargetDependency */,
			);
			name = Vote;
			productName = Vote;
			productReference = 94D51F4D168B29D400261F3C /* Vote.app */;
			productType = "com.apple.product-type.application";
		};
/* End PBXNativeTarget section */

/* Begin PBXProject section */
		94D51F44168B29D400261F3C /* Project object */ = {
			isa = PBXProject;
			attributes = {
				CLASSPREFIX = RW;
				LastUpgradeCheck = 0450;
				ORGANIZATIONNAME = "Ryan Wang";
			};
			buildConfigurationList = 94D51F47168B29D400261F3C /* Build configuration list for PBXProject "Vote" */;
			compatibilityVersion = "Xcode 3.2";
			developmentRegion = English;
			hasScannedForEncodings = 0;
			knownRegions = (
				en,
			);
			mainGroup = 94D51F42168B29D400261F3C;
			productRefGroup = 94D51F4E168B29D400261F3C /* Products */;
			projectDirPath = "";
			projectReferences = (
				{
					ProductGroup = 944DEB4B16989307007D3C3A /* Products */;
					ProjectRef = 944DEB4A16989307007D3C3A /* RestKit.xcodeproj */;
				},
			);
			projectRoot = "";
			targets = (
				94D51F4C168B29D400261F3C /* Vote */,
			);
		};
/* End PBXProject section */

/* Begin PBXReferenceProxy section */
		944DEB5516989307007D3C3A /* libRestKit.a */ = {
			isa = PBXReferenceProxy;
			fileType = archive.ar;
			path = libRestKit.a;
			remoteRef = 944DEB5416989307007D3C3A /* PBXContainerItemProxy */;
			sourceTree = BUILT_PRODUCTS_DIR;
		};
		944DEB5716989307007D3C3A /* RestKitTests.octest */ = {
			isa = PBXReferenceProxy;
			fileType = wrapper.cfbundle;
			path = RestKitTests.octest;
			remoteRef = 944DEB5616989307007D3C3A /* PBXContainerItemProxy */;
			sourceTree = BUILT_PRODUCTS_DIR;
		};
		944DEB5916989307007D3C3A /* RestKit.framework */ = {
			isa = PBXReferenceProxy;
			fileType = wrapper.framework;
			path = RestKit.framework;
			remoteRef = 944DEB5816989307007D3C3A /* PBXContainerItemProxy */;
			sourceTree = BUILT_PRODUCTS_DIR;
		};
		944DEB5B16989307007D3C3A /* RestKitFrameworkTests.octest */ = {
			isa = PBXReferenceProxy;
			fileType = wrapper.cfbundle;
			path = RestKitFrameworkTests.octest;
			remoteRef = 944DEB5A16989307007D3C3A /* PBXContainerItemProxy */;
			sourceTree = BUILT_PRODUCTS_DIR;
		};
/* End PBXReferenceProxy section */

/* Begin PBXResourcesBuildPhase section */
		94D51F4B168B29D400261F3C /* Resources */ = {
			isa = PBXResourcesBuildPhase;
			buildActionMask = 2147483647;
			files = (
				94D51F5C168B29D400261F3C /* InfoPlist.strings in Resources */,
				94D51F64168B29D400261F3C /* Default.png in Resources */,
				94D51F66168B29D400261F3C /* Default@2x.png in Resources */,
				94D51F68168B29D400261F3C /* Default-568h@2x.png in Resources */,
				944DEC9916996DA0007D3C3A /* users.json in Resources */,
				94D394CE169ABB0F007F5F2F /* DefaultSettings.plist in Resources */,
				94CBD614169B0B1500D2DE86 /* RKSeedDatabase.sqlite in Resources */,
			);
			runOnlyForDeploymentPostprocessing = 0;
		};
/* End PBXResourcesBuildPhase section */

/* Begin PBXSourcesBuildPhase section */
		94D51F49168B29D400261F3C /* Sources */ = {
			isa = PBXSourcesBuildPhase;
			buildActionMask = 2147483647;
			files = (
				94D51F5E168B29D400261F3C /* main.m in Sources */,
				94D51F7F168B2B0500261F3C /* RWAppDelegate.m in Sources */,
				94D51F80168B2B0500261F3C /* RWSettingsViewController.m in Sources */,
				94D51F84168B2B3A00261F3C /* RWRootViewController.m in Sources */,
				94D44473168E057B002AECB4 /* RWMainViewController.m in Sources */,
				94909910169696DE00985084 /* NIFormCellCatalog2.m in Sources */,
				949099921696BC6C00985084 /* RWCreateGameViewController.m in Sources */,
				949099961696BD2500985084 /* RWGameSettings.m in Sources */,
				944DEBF016989638007D3C3A /* NICommonMetrics.m in Sources */,
				944DEBF116989638007D3C3A /* NIDataStructures.m in Sources */,
				944DEBF216989638007D3C3A /* NIDebuggingTools.m in Sources */,
				944DEBF316989638007D3C3A /* NIDeviceOrientation.m in Sources */,
				944DEBF416989638007D3C3A /* NIError.m in Sources */,
				944DEBF516989638007D3C3A /* NIFoundationMethods.m in Sources */,
				944DEBF616989638007D3C3A /* NIInMemoryCache.m in Sources */,
				944DEBF716989638007D3C3A /* NINavigationAppearance.m in Sources */,
				944DEBF816989638007D3C3A /* NINetworkActivity.m in Sources */,
				944DEBF916989638007D3C3A /* NINonEmptyCollectionTesting.m in Sources */,
				944DEBFA16989638007D3C3A /* NINonRetainingCollections.m in Sources */,
				944DEBFB16989638007D3C3A /* NIOperations.m in Sources */,
				944DEBFC16989638007D3C3A /* NIPaths.m in Sources */,
				944DEBFD16989638007D3C3A /* NIRuntimeClassModifications.m in Sources */,
				944DEBFE16989638007D3C3A /* NISDKAvailability.m in Sources */,
				944DEBFF16989638007D3C3A /* NISnapshotRotation.m in Sources */,
				944DEC0016989638007D3C3A /* NIState.m in Sources */,
				944DEC0116989638007D3C3A /* NIViewRecycler.m in Sources */,
				944DEC0216989638007D3C3A /* NSString+NimbusCore.m in Sources */,
				944DEC1A1698968B007D3C3A /* NICellBackgrounds.m in Sources */,
				944DEC1B1698968B007D3C3A /* NICellCatalog.m in Sources */,
				944DEC1C1698968B007D3C3A /* NICellFactory.m in Sources */,
				944DEC1D1698968B007D3C3A /* NIFormCellCatalog.m in Sources */,
				944DEC1E1698968B007D3C3A /* NIMutableTableViewModel.m in Sources */,
				944DEC1F1698968B007D3C3A /* NIRadioGroup.m in Sources */,
				944DEC201698968B007D3C3A /* NIRadioGroupController.m in Sources */,
				944DEC211698968B007D3C3A /* NITableViewActions.m in Sources */,
				944DEC221698968B007D3C3A /* NITableViewModel.m in Sources */,
				944DECED169985DB007D3C3A /* RWUser.m in Sources */,
				944DECF016998604007D3C3A /* RWModels.xcdatamodeld in Sources */,
				944DED2C1699ADFF007D3C3A /* AFHTTPClient+Singleton.m in Sources */,
			);
			runOnlyForDeploymentPostprocessing = 0;
		};
/* End PBXSourcesBuildPhase section */

/* Begin PBXTargetDependency section */
		944DEB5D16989313007D3C3A /* PBXTargetDependency */ = {
			isa = PBXTargetDependency;
			name = RestKit;
			targetProxy = 944DEB5C16989313007D3C3A /* PBXContainerItemProxy */;
		};
/* End PBXTargetDependency section */

/* Begin PBXVariantGroup section */
		94D51F5A168B29D400261F3C /* InfoPlist.strings */ = {
			isa = PBXVariantGroup;
			children = (
				94D51F5B168B29D400261F3C /* en */,
			);
			name = InfoPlist.strings;
			sourceTree = "<group>";
		};
/* End PBXVariantGroup section */

/* Begin XCBuildConfiguration section */
		94D51F6F168B29D400261F3C /* Debug */ = {
			isa = XCBuildConfiguration;
			buildSettings = {
				ALWAYS_SEARCH_USER_PATHS = NO;
				CLANG_CXX_LANGUAGE_STANDARD = "gnu++0x";
				CLANG_CXX_LIBRARY = "libc++";
				CLANG_ENABLE_OBJC_ARC = YES;
				CLANG_WARN_EMPTY_BODY = YES;
				CLANG_WARN__DUPLICATE_METHOD_MATCH = YES;
				"CODE_SIGN_IDENTITY[sdk=iphoneos*]" = "iPhone Developer";
				COPY_PHASE_STRIP = NO;
				GCC_C_LANGUAGE_STANDARD = gnu99;
				GCC_DYNAMIC_NO_PIC = NO;
				GCC_OPTIMIZATION_LEVEL = 0;
				GCC_PREPROCESSOR_DEFINITIONS = (
					"DEBUG=1",
					"$(inherited)",
				);
				GCC_SYMBOLS_PRIVATE_EXTERN = NO;
				GCC_WARN_ABOUT_RETURN_TYPE = YES;
				GCC_WARN_UNINITIALIZED_AUTOS = YES;
				GCC_WARN_UNUSED_VARIABLE = YES;
				IPHONEOS_DEPLOYMENT_TARGET = 6.0;
				ONLY_ACTIVE_ARCH = YES;
				SDKROOT = iphoneos;
			};
			name = Debug;
		};
		94D51F70168B29D400261F3C /* Release */ = {
			isa = XCBuildConfiguration;
			buildSettings = {
				ALWAYS_SEARCH_USER_PATHS = NO;
				CLANG_CXX_LANGUAGE_STANDARD = "gnu++0x";
				CLANG_CXX_LIBRARY = "libc++";
				CLANG_ENABLE_OBJC_ARC = YES;
				CLANG_WARN_EMPTY_BODY = YES;
				CLANG_WARN__DUPLICATE_METHOD_MATCH = YES;
				"CODE_SIGN_IDENTITY[sdk=iphoneos*]" = "iPhone Developer";
				COPY_PHASE_STRIP = YES;
				GCC_C_LANGUAGE_STANDARD = gnu99;
				GCC_WARN_ABOUT_RETURN_TYPE = YES;
				GCC_WARN_UNINITIALIZED_AUTOS = YES;
				GCC_WARN_UNUSED_VARIABLE = YES;
				IPHONEOS_DEPLOYMENT_TARGET = 6.0;
				OTHER_CFLAGS = "-DNS_BLOCK_ASSERTIONS=1";
				SDKROOT = iphoneos;
				VALIDATE_PRODUCT = YES;
			};
			name = Release;
		};
		94D51F72168B29D400261F3C /* Debug */ = {
			isa = XCBuildConfiguration;
			buildSettings = {
				GCC_PRECOMPILE_PREFIX_HEADER = YES;
				GCC_PREFIX_HEADER = "Vote/Vote-Prefix.pch";
				HEADER_SEARCH_PATHS = "\"$(SRCROOT)/Build/Vote/Build/Headers\"";
				INFOPLIST_FILE = "Vote/Vote-Info.plist";
				IPHONEOS_DEPLOYMENT_TARGET = 5.0;
				LIBRARY_SEARCH_PATHS = (
					"$(inherited)",
					"\"$(SRCROOT)/Vote/Frameworks/libWeChat\"",
				);
				PRODUCT_NAME = "$(TARGET_NAME)";
				USER_HEADER_SEARCH_PATHS = "";
				WRAPPER_EXTENSION = app;
			};
			name = Debug;
		};
		94D51F73168B29D400261F3C /* Release */ = {
			isa = XCBuildConfiguration;
			buildSettings = {
				GCC_PRECOMPILE_PREFIX_HEADER = YES;
				GCC_PREFIX_HEADER = "Vote/Vote-Prefix.pch";
				HEADER_SEARCH_PATHS = "\"$(SRCROOT)/Build/Vote/Build/Headers\"";
				INFOPLIST_FILE = "Vote/Vote-Info.plist";
				IPHONEOS_DEPLOYMENT_TARGET = 5.0;
				LIBRARY_SEARCH_PATHS = (
					"$(inherited)",
					"\"$(SRCROOT)/Vote/Frameworks/libWeChat\"",
				);
				PRODUCT_NAME = "$(TARGET_NAME)";
				USER_HEADER_SEARCH_PATHS = "";
				WRAPPER_EXTENSION = app;
			};
			name = Release;
		};
/* End XCBuildConfiguration section */

/* Begin XCConfigurationList section */
		94D51F47168B29D400261F3C /* Build configuration list for PBXProject "Vote" */ = {
			isa = XCConfigurationList;
			buildConfigurations = (
				94D51F6F168B29D400261F3C /* Debug */,
				94D51F70168B29D400261F3C /* Release */,
			);
			defaultConfigurationIsVisible = 0;
			defaultConfigurationName = Release;
		};
		94D51F71168B29D400261F3C /* Build configuration list for PBXNativeTarget "Vote" */ = {
			isa = XCConfigurationList;
			buildConfigurations = (
				94D51F72168B29D400261F3C /* Debug */,
				94D51F73168B29D400261F3C /* Release */,
			);
			defaultConfigurationIsVisible = 0;
			defaultConfigurationName = Release;
		};
/* End XCConfigurationList section */

/* Begin XCVersionGroup section */
		944DECEE16998604007D3C3A /* RWModels.xcdatamodeld */ = {
			isa = XCVersionGroup;
			children = (
				944DECEF16998604007D3C3A /* RWModels.xcdatamodel */,
			);
			currentVersion = 944DECEF16998604007D3C3A /* RWModels.xcdatamodel */;
			path = RWModels.xcdatamodeld;
			sourceTree = "<group>";
			versionGroupType = wrapper.xcdatamodel;
		};
/* End XCVersionGroup section */
	};
	rootObject = 94D51F44168B29D400261F3C /* Project object */;
}
